
Microsoft Visual Studio Solution File, Format Version 12.00
# Visual Studio Version 16
VisualStudioVersion = 16.0.29613.14
MinimumVisualStudioVersion = 10.0.40219.1
Project("{8BC9CEB8-8B4A-11D0-8D11-00A0C91BC942}") = "Week4", "Week4.vcxproj", "{35110F98-A533-4E43-87DE-9CF2E45F5281}"
EndProject
Global
	GlobalSection(SolutionConfigurationPlatforms) = preSolution
		Debug|x64 = Debug|x64
		Debug|x86 = Debug|x86
		Release|x64 = Release|x64
		Release|x86 = Release|x86
	EndGlobalSection
	GlobalSection(ProjectConfigurationPlatforms) = postSolution
		{35110F98-A533-4E43-87DE-9CF2E45F5281}.Debug|x64.ActiveCfg = Debug|x64
		{35110F98-A533-4E43-87DE-9CF2E45F5281}.Debug|x64.Build.0 = Debug|x64
		{35110F98-A533-4E43-87DE-9CF2E45F5281}.Debug|x86.ActiveCfg = Debug|Win32
		{35110F98-A533-4E43-87DE-9CF2E45F5281}.Debug|x86.Build.0 = Debug|Win32
		{35110F98-A533-4E43-87DE-9CF2E45F5281}.Release|x64.ActiveCfg = Release|x64
		{35110F98-A533-4E43-87DE-9CF2E45F5281}.Release|x64.Build.0 = Release|x64
		{35110F98-A533-4E43-87DE-9CF2E45F5281}.Release|x86.ActiveCfg = Release|Win32
		{35110F98-A533-4E43-87DE-9CF2E45F5281}.Release|x86.Build.0 = Release|Win32
	EndGlobalSection
	GlobalSection(SolutionProperties) = preSolution
		HideSolutionNode = FALSE
	EndGlobalSection
	GlobalSection(ExtensibilityGlobals) = postSolution
		SolutionGuid = {A148ED64-3960-49D8-9257-B968FA5FECE8}
	EndGlobalSection
EndGlobal
